# THIS IS AN AUTOGENERATED FILE. DO NOT EDIT THIS FILE DIRECTLY.
# yarn lockfile v1


align-text@^0.1.1, align-text@^0.1.3:
  version "0.1.4"
  resolved "https://registry.yarnpkg.com/align-text/-/align-text-0.1.4.tgz#0cd90a561093f35d0a99256c22b7069433fad117"
  dependencies:
    kind-of "^3.0.2"
    longest "^1.0.1"
    repeat-string "^1.5.2"

amdefine@>=0.0.4:
  version "1.0.1"
  resolved "https://registry.yarnpkg.com/amdefine/-/amdefine-1.0.1.tgz#4a5282ac164729e93619bcfd3ad151f817ce91f5"

balanced-match@^0.4.1:
  version "0.4.2"
  resolved "https://registry.yarnpkg.com/balanced-match/-/balanced-match-0.4.2.tgz#cb3f3e3c732dc0f01ee70b403f302e61d7709838"

boolbase@~1.0.0:
  version "1.0.0"
  resolved "https://registry.yarnpkg.com/boolbase/-/boolbase-1.0.0.tgz#68dff5fbe60c51eb37725ea9e3ed310dcc1e776e"

brace-expansion@^1.0.0:
  version "1.1.6"
  resolved "https://registry.yarnpkg.com/brace-expansion/-/brace-expansion-1.1.6.tgz#7197d7eaa9b87e648390ea61fc66c84427420df9"
  dependencies:
    balanced-match "^0.4.1"
    concat-map "0.0.1"

buffer-shims@^1.0.0:
  version "1.0.0"
  resolved "https://registry.yarnpkg.com/buffer-shims/-/buffer-shims-1.0.0.tgz#9978ce317388c649ad8793028c3477ef044a8b51"

camel-case@3.0.x:
  version "3.0.0"
  resolved "https://registry.yarnpkg.com/camel-case/-/camel-case-3.0.0.tgz#ca3c3688a4e9cf3a4cda777dc4dcbc713249cf73"
  dependencies:
    no-case "^2.2.0"
    upper-case "^1.1.1"

camelcase@^1.0.2:
  version "1.2.1"
  resolved "https://registry.yarnpkg.com/camelcase/-/camelcase-1.2.1.tgz#9bb5304d2e0b56698b2c758b08a3eaa9daa58a39"

center-align@^0.1.1:
  version "0.1.3"
  resolved "https://registry.yarnpkg.com/center-align/-/center-align-0.1.3.tgz#aa0d32629b6ee972200411cbd4461c907bc2b7ad"
  dependencies:
    align-text "^0.1.3"
    lazy-cache "^1.0.3"

cheerio@^0.22.0:
  version "0.22.0"
  resolved "https://registry.yarnpkg.com/cheerio/-/cheerio-0.22.0.tgz#a9baa860a3f9b595a6b81b1a86873121ed3a269e"
  dependencies:
    css-select "~1.2.0"
    dom-serializer "~0.1.0"
    entities "~1.1.1"
    htmlparser2 "^3.9.1"
    lodash.assignin "^4.0.9"
    lodash.bind "^4.1.4"
    lodash.defaults "^4.0.1"
    lodash.filter "^4.4.0"
    lodash.flatten "^4.2.0"
    lodash.foreach "^4.3.0"
    lodash.map "^4.4.0"
    lodash.merge "^4.4.0"
    lodash.pick "^4.2.1"
    lodash.reduce "^4.4.0"
    lodash.reject "^4.4.0"
    lodash.some "^4.4.0"

clean-css@4.0.x:
  version "4.0.10"
  resolved "https://registry.yarnpkg.com/clean-css/-/clean-css-4.0.10.tgz#6be448d6ba8c767654ebe11f158b97a887cb713f"
  dependencies:
    source-map "0.5.x"

cliui@^2.1.0:
  version "2.1.0"
  resolved "https://registry.yarnpkg.com/cliui/-/cliui-2.1.0.tgz#4b475760ff80264c762c3a1719032e91c7fea0d1"
  dependencies:
    center-align "^0.1.1"
    right-align "^0.1.1"
    wordwrap "0.0.2"

commander@2.9.x:
  version "2.9.0"
  resolved "https://registry.yarnpkg.com/commander/-/commander-2.9.0.tgz#9c99094176e12240cb22d6c5146098400fe0f7d4"
  dependencies:
    graceful-readlink ">= 1.0.0"

concat-map@0.0.1:
  version "0.0.1"
  resolved "https://registry.yarnpkg.com/concat-map/-/concat-map-0.0.1.tgz#d8a96bd77fd68df7793a73036a3ba0d5405d477b"

core-util-is@~1.0.0:
  version "1.0.2"
  resolved "https://registry.yarnpkg.com/core-util-is/-/core-util-is-1.0.2.tgz#b5fd54220aa2bc5ab57aab7140c940754503c1a7"

css-parse@1.7.x:
  version "1.7.0"
  resolved "https://registry.yarnpkg.com/css-parse/-/css-parse-1.7.0.tgz#321f6cf73782a6ff751111390fc05e2c657d8c9b"

css-select@~1.2.0:
  version "1.2.0"
  resolved "https://registry.yarnpkg.com/css-select/-/css-select-1.2.0.tgz#2b3a110539c5355f1cd8d314623e870b121ec858"
  dependencies:
    boolbase "~1.0.0"
    css-what "2.1"
    domutils "1.5.1"
    nth-check "~1.0.1"

css-what@2.1:
  version "2.1.0"
  resolved "https://registry.yarnpkg.com/css-what/-/css-what-2.1.0.tgz#9467d032c38cfaefb9f2d79501253062f87fa1bd"

debug@*:
  version "2.6.3"
  resolved "https://registry.yarnpkg.com/debug/-/debug-2.6.3.tgz#0f7eb8c30965ec08c72accfa0130c8b79984141d"
  dependencies:
    ms "0.7.2"

decamelize@^1.0.0:
  version "1.2.0"
  resolved "https://registry.yarnpkg.com/decamelize/-/decamelize-1.2.0.tgz#f6534d15148269b20352e7bee26f501f9a191290"

dom-serializer@0, dom-serializer@~0.1.0:
  version "0.1.0"
  resolved "https://registry.yarnpkg.com/dom-serializer/-/dom-serializer-0.1.0.tgz#073c697546ce0780ce23be4a28e293e40bc30c82"
  dependencies:
    domelementtype "~1.1.1"
    entities "~1.1.1"

domelementtype@1, domelementtype@^1.3.0:
  version "1.3.0"
  resolved "https://registry.yarnpkg.com/domelementtype/-/domelementtype-1.3.0.tgz#b17aed82e8ab59e52dd9c19b1756e0fc187204c2"

domelementtype@~1.1.1:
  version "1.1.3"
  resolved "https://registry.yarnpkg.com/domelementtype/-/domelementtype-1.1.3.tgz#bd28773e2642881aec51544924299c5cd822185b"

domhandler@^2.3.0:
  version "2.3.0"
  resolved "https://registry.yarnpkg.com/domhandler/-/domhandler-2.3.0.tgz#2de59a0822d5027fabff6f032c2b25a2a8abe738"
  dependencies:
    domelementtype "1"

domutils@1.5.1, domutils@^1.5.1:
  version "1.5.1"
  resolved "https://registry.yarnpkg.com/domutils/-/domutils-1.5.1.tgz#dcd8488a26f563d61079e48c9f7b7e32373682cf"
  dependencies:
    dom-serializer "0"
    domelementtype "1"

entities@^1.1.1, entities@~1.1.1:
  version "1.1.1"
  resolved "https://registry.yarnpkg.com/entities/-/entities-1.1.1.tgz#6e5c2d0a5621b5dadaecef80b90edfb5cd7772f0"

fs.realpath@^1.0.0:
  version "1.0.0"
  resolved "https://registry.yarnpkg.com/fs.realpath/-/fs.realpath-1.0.0.tgz#1504ad2523158caa40db4a2787cb01411994ea4f"

glob@7.0.x:
  version "7.0.6"
  resolved "https://registry.yarnpkg.com/glob/-/glob-7.0.6.tgz#211bafaf49e525b8cd93260d14ab136152b3f57a"
  dependencies:
    fs.realpath "^1.0.0"
    inflight "^1.0.4"
    inherits "2"
    minimatch "^3.0.2"
    once "^1.3.0"
    path-is-absolute "^1.0.0"

"graceful-readlink@>= 1.0.0":
  version "1.0.1"
  resolved "https://registry.yarnpkg.com/graceful-readlink/-/graceful-readlink-1.0.1.tgz#4cafad76bc62f02fa039b2f94e9a3dd3a391a725"

he@1.1.x:
  version "1.1.1"
  resolved "https://registry.yarnpkg.com/he/-/he-1.1.1.tgz#93410fd21b009735151f8868c2f271f3427e23fd"

html-minifier@^3.4.2:
  version "3.4.2"
  resolved "https://registry.yarnpkg.com/html-minifier/-/html-minifier-3.4.2.tgz#31896baaf735c1d95f7a0b7291f9dc36c0720752"
  dependencies:
    camel-case "3.0.x"
    clean-css "4.0.x"
    commander "2.9.x"
    he "1.1.x"
    ncname "1.0.x"
    param-case "2.1.x"
    relateurl "0.2.x"
    uglify-js "2.8.x"

htmlparser2@^3.9.1:
  version "3.9.2"
  resolved "https://registry.yarnpkg.com/htmlparser2/-/htmlparser2-3.9.2.tgz#1bdf87acca0f3f9e53fa4fcceb0f4b4cbb00b338"
  dependencies:
    domelementtype "^1.3.0"
    domhandler "^2.3.0"
    domutils "^1.5.1"
    entities "^1.1.1"
    inherits "^2.0.1"
    readable-stream "^2.0.2"

inflight@^1.0.4:
  version "1.0.6"
  resolved "https://registry.yarnpkg.com/inflight/-/inflight-1.0.6.tgz#49bd6331d7d02d0c09bc910a1075ba8165b56df9"
  dependencies:
    once "^1.3.0"
    wrappy "1"

inherits@2, inherits@^2.0.1, inherits@~2.0.1:
  version "2.0.3"
  resolved "https://registry.yarnpkg.com/inherits/-/inherits-2.0.3.tgz#633c2c83e3da42a502f52466022480f4208261de"

is-buffer@^1.0.2:
  version "1.1.5"
  resolved "https://registry.yarnpkg.com/is-buffer/-/is-buffer-1.1.5.tgz#1f3b26ef613b214b88cbca23cc6c01d87961eecc"

isarray@~1.0.0:
  version "1.0.0"
  resolved "https://registry.yarnpkg.com/isarray/-/isarray-1.0.0.tgz#bb935d48582cba168c06834957a54a3e07124f11"

kind-of@^3.0.2:
  version "3.1.0"
  resolved "https://registry.yarnpkg.com/kind-of/-/kind-of-3.1.0.tgz#475d698a5e49ff5e53d14e3e732429dc8bf4cf47"
  dependencies:
    is-buffer "^1.0.2"

lazy-cache@^1.0.3:
  version "1.0.4"
  resolved "https://registry.yarnpkg.com/lazy-cache/-/lazy-cache-1.0.4.tgz#a1d78fc3a50474cb80845d3b3b6e1da49a446e8e"

lodash.assignin@^4.0.9:
  version "4.2.0"
  resolved "https://registry.yarnpkg.com/lodash.assignin/-/lodash.assignin-4.2.0.tgz#ba8df5fb841eb0a3e8044232b0e263a8dc6a28a2"

lodash.bind@^4.1.4:
  version "4.2.1"
  resolved "https://registry.yarnpkg.com/lodash.bind/-/lodash.bind-4.2.1.tgz#7ae3017e939622ac31b7d7d7dcb1b34db1690d35"

lodash.defaults@^4.0.1:
  version "4.2.0"
  resolved "https://registry.yarnpkg.com/lodash.defaults/-/lodash.defaults-4.2.0.tgz#d09178716ffea4dde9e5fb7b37f6f0802274580c"

lodash.filter@^4.4.0:
  version "4.6.0"
  resolved "https://registry.yarnpkg.com/lodash.filter/-/lodash.filter-4.6.0.tgz#668b1d4981603ae1cc5a6fa760143e480b4c4ace"

lodash.flatten@^4.2.0:
  version "4.4.0"
  resolved "https://registry.yarnpkg.com/lodash.flatten/-/lodash.flatten-4.4.0.tgz#f31c22225a9632d2bbf8e4addbef240aa765a61f"

lodash.foreach@^4.3.0:
  version "4.5.0"
  resolved "https://registry.yarnpkg.com/lodash.foreach/-/lodash.foreach-4.5.0.tgz#1a6a35eace401280c7f06dddec35165ab27e3e53"

lodash.map@^4.4.0:
  version "4.6.0"
  resolved "https://registry.yarnpkg.com/lodash.map/-/lodash.map-4.6.0.tgz#771ec7839e3473d9c4cde28b19394c3562f4f6d3"

lodash.merge@^4.4.0:
  version "4.6.0"
  resolved "https://registry.yarnpkg.com/lodash.merge/-/lodash.merge-4.6.0.tgz#69884ba144ac33fe699737a6086deffadd0f89c5"

lodash.pick@^4.2.1:
  version "4.4.0"
  resolved "https://registry.yarnpkg.com/lodash.pick/-/lodash.pick-4.4.0.tgz#52f05610fff9ded422611441ed1fc123a03001b3"

lodash.reduce@^4.4.0:
  version "4.6.0"
  resolved "https://registry.yarnpkg.com/lodash.reduce/-/lodash.reduce-4.6.0.tgz#f1ab6b839299ad48f784abbf476596f03b914d3b"

lodash.reject@^4.4.0:
  version "4.6.0"
  resolved "https://registry.yarnpkg.com/lodash.reject/-/lodash.reject-4.6.0.tgz#80d6492dc1470864bbf583533b651f42a9f52415"

lodash.some@^4.4.0:
  version "4.6.0"
  resolved "https://registry.yarnpkg.com/lodash.some/-/lodash.some-4.6.0.tgz#1bb9f314ef6b8baded13b549169b2a945eb68e4d"

longest@^1.0.1:
  version "1.0.1"
  resolved "https://registry.yarnpkg.com/longest/-/longest-1.0.1.tgz#30a0b2da38f73770e8294a0d22e6625ed77d0097"

lower-case@^1.1.1:
  version "1.1.4"
  resolved "https://registry.yarnpkg.com/lower-case/-/lower-case-1.1.4.tgz#9a2cabd1b9e8e0ae993a4bf7d5875c39c42e8eac"

minimatch@^3.0.2:
  version "3.0.3"
  resolved "https://registry.yarnpkg.com/minimatch/-/minimatch-3.0.3.tgz#2a4e4090b96b2db06a9d7df01055a62a77c9b774"
  dependencies:
    brace-expansion "^1.0.0"

minimist@0.0.8:
  version "0.0.8"
  resolved "https://registry.yarnpkg.com/minimist/-/minimist-0.0.8.tgz#857fcabfc3397d2625b8228262e86aa7a011b05d"

mkdirp@0.5.x:
  version "0.5.1"
  resolved "https://registry.yarnpkg.com/mkdirp/-/mkdirp-0.5.1.tgz#30057438eac6cf7f8c4767f38648d6697d75c903"
  dependencies:
    minimist "0.0.8"

ms@0.7.2:
  version "0.7.2"
  resolved "https://registry.yarnpkg.com/ms/-/ms-0.7.2.tgz#ae25cf2512b3885a1d95d7f037868d8431124765"

ncname@1.0.x:
  version "1.0.0"
  resolved "https://registry.yarnpkg.com/ncname/-/ncname-1.0.0.tgz#5b57ad18b1ca092864ef62b0b1ed8194f383b71c"
  dependencies:
    xml-char-classes "^1.0.0"

no-case@^2.2.0:
  version "2.3.1"
  resolved "https://registry.yarnpkg.com/no-case/-/no-case-2.3.1.tgz#7aeba1c73a52184265554b7dc03baf720df80081"
  dependencies:
    lower-case "^1.1.1"

normalize@0.3.1:
  version "0.3.1"
  resolved "https://registry.yarnpkg.com/normalize/-/normalize-0.3.1.tgz#5df4a3fe16c02e61fb31ff2fb448a07f4a4084a6"
  dependencies:
    stylus "*"

nth-check@~1.0.1:
  version "1.0.1"
  resolved "https://registry.yarnpkg.com/nth-check/-/nth-check-1.0.1.tgz#9929acdf628fc2c41098deab82ac580cf149aae4"
  dependencies:
    boolbase "~1.0.0"

once@^1.3.0:
  version "1.4.0"
  resolved "https://registry.yarnpkg.com/once/-/once-1.4.0.tgz#583b1aa775961d4b113ac17d9c50baef9dd76bd1"
  dependencies:
    wrappy "1"

param-case@2.1.x:
  version "2.1.1"
  resolved "https://registry.yarnpkg.com/param-case/-/param-case-2.1.1.tgz#df94fd8cf6531ecf75e6bef9a0858fbc72be2247"
  dependencies:
    no-case "^2.2.0"

path-is-absolute@^1.0.0:
  version "1.0.1"
  resolved "https://registry.yarnpkg.com/path-is-absolute/-/path-is-absolute-1.0.1.tgz#174b9268735534ffbc7ace6bf53a5a9e1b5c5f5f"

process-nextick-args@~1.0.6:
  version "1.0.7"
  resolved "https://registry.yarnpkg.com/process-nextick-args/-/process-nextick-args-1.0.7.tgz#150e20b756590ad3f91093f25a4f2ad8bff30ba3"

read-time@1.0.0:
  version "1.0.0"
  resolved "https://registry.yarnpkg.com/read-time/-/read-time-1.0.0.tgz#0b217489021cd66c42dee20e6084b11c034611c7"

readable-stream@^2.0.2:
  version "2.2.6"
  resolved "https://registry.yarnpkg.com/readable-stream/-/readable-stream-2.2.6.tgz#8b43aed76e71483938d12a8d46c6cf1a00b1f816"
  dependencies:
    buffer-shims "^1.0.0"
    core-util-is "~1.0.0"
    inherits "~2.0.1"
    isarray "~1.0.0"
    process-nextick-args "~1.0.6"
    string_decoder "~0.10.x"
    util-deprecate "~1.0.1"

relateurl@0.2.x:
  version "0.2.7"
  resolved "https://registry.yarnpkg.com/relateurl/-/relateurl-0.2.7.tgz#54dbf377e51440aca90a4cd274600d3ff2d888a9"

repeat-string@^1.5.2:
  version "1.6.1"
  resolved "https://registry.yarnpkg.com/repeat-string/-/repeat-string-1.6.1.tgz#8dcae470e1c88abc2d600fff4a776286da75e637"

reptar-excerpt@1.0.0:
  version "1.0.0"
  resolved "https://registry.yarnpkg.com/reptar-excerpt/-/reptar-excerpt-1.0.0.tgz#f0eab896b2e068a0f7c069aeeed3ef9d03c736d7"
  dependencies:
    cheerio "^0.22.0"

reptar-html-minifier@1.0.0:
  version "1.0.0"
  resolved "https://registry.yarnpkg.com/reptar-html-minifier/-/reptar-html-minifier-1.0.0.tgz#16485e59df63e4b8de5e8d7a7bca90f23808a2e7"
  dependencies:
    html-minifier "^3.4.2"

right-align@^0.1.1:
  version "0.1.3"
  resolved "https://registry.yarnpkg.com/right-align/-/right-align-0.1.3.tgz#61339b722fe6a3515689210d24e14c96148613ef"
  dependencies:
    align-text "^0.1.1"

sax@0.5.x:
  version "0.5.8"
  resolved "https://registry.yarnpkg.com/sax/-/sax-0.5.8.tgz#d472db228eb331c2506b0e8c15524adb939d12c1"

source-map@0.1.x:
  version "0.1.43"
  resolved "https://registry.yarnpkg.com/source-map/-/source-map-0.1.43.tgz#c24bc146ca517c1471f5dacbe2571b2b7f9e3346"
  dependencies:
    amdefine ">=0.0.4"

source-map@0.5.x, source-map@~0.5.1:
  version "0.5.6"
  resolved "https://registry.yarnpkg.com/source-map/-/source-map-0.5.6.tgz#75ce38f52bf0733c5a7f0c118d81334a2bb5f412"

string_decoder@~0.10.x:
  version "0.10.31"
  resolved "https://registry.yarnpkg.com/string_decoder/-/string_decoder-0.10.31.tgz#62e203bc41766c6c28c9fc84301dab1c5310fa94"

stylus@*:
  version "0.54.5"
  resolved "https://registry.yarnpkg.com/stylus/-/stylus-0.54.5.tgz#42b9560931ca7090ce8515a798ba9e6aa3d6dc79"
  dependencies:
    css-parse "1.7.x"
    debug "*"
    glob "7.0.x"
    mkdirp "0.5.x"
    sax "0.5.x"
    source-map "0.1.x"

uglify-js@2.8.x:
  version "2.8.18"
  resolved "https://registry.yarnpkg.com/uglify-js/-/uglify-js-2.8.18.tgz#925d14bae48ab62d1883b41afe6e2261662adb8e"
  dependencies:
    source-map "~0.5.1"
    yargs "~3.10.0"
  optionalDependencies:
    uglify-to-browserify "~1.0.0"

uglify-to-browserify@~1.0.0:
  version "1.0.2"
  resolved "https://registry.yarnpkg.com/uglify-to-browserify/-/uglify-to-browserify-1.0.2.tgz#6e0924d6bda6b5afe349e39a6d632850a0f882b7"

upper-case@^1.1.1:
  version "1.1.3"
  resolved "https://registry.yarnpkg.com/upper-case/-/upper-case-1.1.3.tgz#f6b4501c2ec4cdd26ba78be7222961de77621598"

util-deprecate@~1.0.1:
  version "1.0.2"
  resolved "https://registry.yarnpkg.com/util-deprecate/-/util-deprecate-1.0.2.tgz#450d4dc9fa70de732762fbd2d4a28981419a0ccf"

window-size@0.1.0:
  version "0.1.0"
  resolved "https://registry.yarnpkg.com/window-size/-/window-size-0.1.0.tgz#5438cd2ea93b202efa3a19fe8887aee7c94f9c9d"

wordwrap@0.0.2:
  version "0.0.2"
  resolved "https://registry.yarnpkg.com/wordwrap/-/wordwrap-0.0.2.tgz#b79669bb42ecb409f83d583cad52ca17eaa1643f"

wrappy@1:
  version "1.0.2"
  resolved "https://registry.yarnpkg.com/wrappy/-/wrappy-1.0.2.tgz#b5243d8f3ec1aa35f1364605bc0d1036e30ab69f"

xml-char-classes@^1.0.0:
  version "1.0.0"
  resolved "https://registry.yarnpkg.com/xml-char-classes/-/xml-char-classes-1.0.0.tgz#64657848a20ffc5df583a42ad8a277b4512bbc4d"

yargs@~3.10.0:
  version "3.10.0"
  resolved "https://registry.yarnpkg.com/yargs/-/yargs-3.10.0.tgz#f7ee7bd857dd7c1d2d38c0e74efbd681d1431fd1"
  dependencies:
    camelcase "^1.0.2"
    cliui "^2.1.0"
    decamelize "^1.0.0"
    window-size "0.1.0"
